
Microsoft Visual Studio Solution File, Format Version 12.00
# Visual Studio Version 17
VisualStudioVersion = 17.9.34728.123
MinimumVisualStudioVersion = 10.0.40219.1
Project("{FAE04EC0-301F-11D3-BF4B-00C04F79EFBC}") = "GestionVente", "GestionVente\GestionVente.csproj", "{4DE120D3-98D8-4F01-904D-642942EC4DBB}"
EndProject
Global
	GlobalSection(SolutionConfigurationPlatforms) = preSolution
		Debug|Any CPU = Debug|Any CPU
		Release|Any CPU = Release|Any CPU
	EndGlobalSection
	GlobalSection(ProjectConfigurationPlatforms) = postSolution
		{4DE120D3-98D8-4F01-904D-642942EC4DBB}.Debug|Any CPU.ActiveCfg = Debug|Any CPU
		{4DE120D3-98D8-4F01-904D-642942EC4DBB}.Debug|Any CPU.Build.0 = Debug|Any CPU
		{4DE120D3-98D8-4F01-904D-642942EC4DBB}.Release|Any CPU.ActiveCfg = Release|Any CPU
		{4DE120D3-98D8-4F01-904D-642942EC4DBB}.Release|Any CPU.Build.0 = Release|Any CPU
	EndGlobalSection
	GlobalSection(SolutionProperties) = preSolution
		HideSolutionNode = FALSE
	EndGlobalSection
	GlobalSection(ExtensibilityGlobals) = postSolution
		SolutionGuid = {ADA02B20-8A1D-4D22-BBDA-BD49BD55A0CE}
	EndGlobalSection
EndGlobal
